
Microsoft Visual Studio Solution File, Format Version 12.00
# Visual Studio 15
VisualStudioVersion = 15.0.28307.902
MinimumVisualStudioVersion = 10.0.40219.1
Project("{8BC9CEB8-8B4A-11D0-8D11-00A0C91BC942}") = "ReadCSVFileToMap", "ReadCSVFileToMap\ReadCSVFileToMap.vcxproj", "{E8E7483E-5541-47CE-AFC3-74555FBA8D83}"
EndProject
Global
	GlobalSection(SolutionConfigurationPlatforms) = preSolution
		Debug|x64 = Debug|x64
		Debug|x86 = Debug|x86
		Release|x64 = Release|x64
		Release|x86 = Release|x86
	EndGlobalSection
	GlobalSection(ProjectConfigurationPlatforms) = postSolution
		{E8E7483E-5541-47CE-AFC3-74555FBA8D83}.Debug|x64.ActiveCfg = Debug|x64
		{E8E7483E-5541-47CE-AFC3-74555FBA8D83}.Debug|x64.Build.0 = Debug|x64
		{E8E7483E-5541-47CE-AFC3-74555FBA8D83}.Debug|x86.ActiveCfg = Debug|Win32
		{E8E7483E-5541-47CE-AFC3-74555FBA8D83}.Debug|x86.Build.0 = Debug|Win32
		{E8E7483E-5541-47CE-AFC3-74555FBA8D83}.Release|x64.ActiveCfg = Release|x64
		{E8E7483E-5541-47CE-AFC3-74555FBA8D83}.Release|x64.Build.0 = Release|x64
		{E8E7483E-5541-47CE-AFC3-74555FBA8D83}.Release|x86.ActiveCfg = Release|Win32
		{E8E7483E-5541-47CE-AFC3-74555FBA8D83}.Release|x86.Build.0 = Release|Win32
	EndGlobalSection
	GlobalSection(SolutionProperties) = preSolution
		HideSolutionNode = FALSE
	EndGlobalSection
	GlobalSection(ExtensibilityGlobals) = postSolution
		SolutionGuid = {B15D2ABB-6264-4D52-9346-D518AC539A06}
	EndGlobalSection
EndGlobal
